
Microsoft Visual Studio Solution File, Format Version 12.00
# Visual Studio Version 17
VisualStudioVersion = 17.8.34525.116
MinimumVisualStudioVersion = 10.0.40219.1
Project("{FAE04EC0-301F-11D3-BF4B-00C04F79EFBC}") = "ConsoleAppMulti", "ConsoleAppMulti\ConsoleAppMulti.csproj", "{7C6DF35B-E90E-4815-963B-08E8054D6C3A}"
EndProject
Global
	GlobalSection(SolutionConfigurationPlatforms) = preSolution
		Debug|Any CPU = Debug|Any CPU
		Release|Any CPU = Release|Any CPU
	EndGlobalSection
	GlobalSection(ProjectConfigurationPlatforms) = postSolution
		{7C6DF35B-E90E-4815-963B-08E8054D6C3A}.Debug|Any CPU.ActiveCfg = Debug|Any CPU
		{7C6DF35B-E90E-4815-963B-08E8054D6C3A}.Debug|Any CPU.Build.0 = Debug|Any CPU
		{7C6DF35B-E90E-4815-963B-08E8054D6C3A}.Release|Any CPU.ActiveCfg = Release|Any CPU
		{7C6DF35B-E90E-4815-963B-08E8054D6C3A}.Release|Any CPU.Build.0 = Release|Any CPU
	EndGlobalSection
	GlobalSection(SolutionProperties) = preSolution
		HideSolutionNode = FALSE
	EndGlobalSection
	GlobalSection(ExtensibilityGlobals) = postSolution
		SolutionGuid = {F721904C-8A45-4238-919B-CF5811BA003F}
	EndGlobalSection
EndGlobal
